// !$*UTF8*$!
{
	archiveVersion = 1;
	classes = {
	};
	objectVersion = 56;
	objects = {

/* Begin PBXBuildFile section */
		295F0CEE2AF7958900412EE1 /* main.cpp in Sources */ = {isa = PBXBuildFile; fileRef = 295F0CED2AF7958900412EE1 /* main.cpp */; };
		295F0CF62AF795E200412EE1 /* SDL2.framework in Frameworks */ = {isa = PBXBuildFile; fileRef = 295F0CF52AF795E200412EE1 /* SDL2.framework */; };
		295F0CFF2AF7987200412EE1 /* game_model.cpp in Sources */ = {isa = PBXBuildFile; fileRef = 295F0CFD2AF7987200412EE1 /* game_model.cpp */; };
/* End PBXBuildFile section */

/* Begin PBXCopyFilesBuildPhase section */
		295F0CE82AF7958900412EE1 /* CopyFiles */ = {
			isa = PBXCopyFilesBuildPhase;
			buildActionMask = 2147483647;
			dstPath = /usr/share/man/man1/;
			dstSubfolderSpec = 0;
			files = (
			);
			runOnlyForDeploymentPostprocessing = 1;
		};
/* End PBXCopyFilesBuildPhase section */

/* Begin PBXFileReference section */
		295F0CEA2AF7958900412EE1 /* sdl-game-pikachu */ = {isa = PBXFileReference; explicitFileType = "compiled.mach-o.executable"; includeInIndex = 0; path = "sdl-game-pikachu"; sourceTree = BUILT_PRODUCTS_DIR; };
		295F0CED2AF7958900412EE1 /* main.cpp */ = {isa = PBXFileReference; lastKnownFileType = sourcecode.cpp.cpp; path = main.cpp; sourceTree = "<group>"; };
		295F0CF52AF795E200412EE1 /* SDL2.framework */ = {isa = PBXFileReference; lastKnownFileType = wrapper.framework; name = SDL2.framework; path = ../../../../../Library/Frameworks/SDL2.framework; sourceTree = "<group>"; };
		295F0CFA2AF7979C00412EE1 /* config.h */ = {isa = PBXFileReference; lastKnownFileType = sourcecode.c.h; path = config.h; sourceTree = "<group>"; };
		295F0CFC2AF7986000412EE1 /* game_model.h */ = {isa = PBXFileReference; lastKnownFileType = sourcecode.c.h; path = game_model.h; sourceTree = "<group>"; };
		295F0CFD2AF7987200412EE1 /* game_model.cpp */ = {isa = PBXFileReference; lastKnownFileType = sourcecode.cpp.cpp; path = game_model.cpp; sourceTree = "<group>"; };
		295F0D022AF7998900412EE1 /* position.h */ = {isa = PBXFileReference; lastKnownFileType = sourcecode.c.h; path = position.h; sourceTree = "<group>"; };
		295F0D042AF79B9000412EE1 /* area.h */ = {isa = PBXFileReference; lastKnownFileType = sourcecode.c.h; path = area.h; sourceTree = "<group>"; };
		295F0D052AF79BC800412EE1 /* object.h */ = {isa = PBXFileReference; lastKnownFileType = sourcecode.c.h; path = object.h; sourceTree = "<group>"; };
/* End PBXFileReference section */

/* Begin PBXFrameworksBuildPhase section */
		295F0CE72AF7958900412EE1 /* Frameworks */ = {
			isa = PBXFrameworksBuildPhase;
			buildActionMask = 2147483647;
			files = (
				295F0CF62AF795E200412EE1 /* SDL2.framework in Frameworks */,
			);
			runOnlyForDeploymentPostprocessing = 0;
		};
/* End PBXFrameworksBuildPhase section */

/* Begin PBXGroup section */
		295F0CE12AF7958900412EE1 = {
			isa = PBXGroup;
			children = (
				295F0CEC2AF7958900412EE1 /* sdl-game-pikachu */,
				295F0CEB2AF7958900412EE1 /* Products */,
				295F0CF42AF795E200412EE1 /* Frameworks */,
			);
			sourceTree = "<group>";
		};
		295F0CEB2AF7958900412EE1 /* Products */ = {
			isa = PBXGroup;
			children = (
				295F0CEA2AF7958900412EE1 /* sdl-game-pikachu */,
			);
			name = Products;
			sourceTree = "<group>";
		};
		295F0CEC2AF7958900412EE1 /* sdl-game-pikachu */ = {
			isa = PBXGroup;
			children = (
				295F0CF82AF7975C00412EE1 /* view */,
				295F0CF72AF7975200412EE1 /* controller */,
				295F0CF92AF7976700412EE1 /* model */,
				295F0CED2AF7958900412EE1 /* main.cpp */,
				295F0CFA2AF7979C00412EE1 /* config.h */,
			);
			path = "sdl-game-pikachu";
			sourceTree = "<group>";
		};
		295F0CF42AF795E200412EE1 /* Frameworks */ = {
			isa = PBXGroup;
			children = (
				295F0CF52AF795E200412EE1 /* SDL2.framework */,
			);
			name = Frameworks;
			sourceTree = "<group>";
		};
		295F0CF72AF7975200412EE1 /* controller */ = {
			isa = PBXGroup;
			children = (
			);
			path = controller;
			sourceTree = "<group>";
		};
		295F0CF82AF7975C00412EE1 /* view */ = {
			isa = PBXGroup;
			children = (
			);
			path = view;
			sourceTree = "<group>";
		};
		295F0CF92AF7976700412EE1 /* model */ = {
			isa = PBXGroup;
			children = (
				295F0CFB2AF797E500412EE1 /* components */,
				295F0CFC2AF7986000412EE1 /* game_model.h */,
				295F0CFD2AF7987200412EE1 /* game_model.cpp */,
			);
			path = model;
			sourceTree = "<group>";
		};
		295F0CFB2AF797E500412EE1 /* components */ = {
			isa = PBXGroup;
			children = (
				295F0D012AF798FE00412EE1 /* game_objects */,
				295F0D002AF798F800412EE1 /* basic */,
			);
			path = components;
			sourceTree = "<group>";
		};
		295F0D002AF798F800412EE1 /* basic */ = {
			isa = PBXGroup;
			children = (
				295F0D052AF79BC800412EE1 /* object.h */,
				295F0D022AF7998900412EE1 /* position.h */,
				295F0D042AF79B9000412EE1 /* area.h */,
			);
			path = basic;
			sourceTree = "<group>";
		};
		295F0D012AF798FE00412EE1 /* game_objects */ = {
			isa = PBXGroup;
			children = (
			);
			path = game_objects;
			sourceTree = "<group>";
		};
/* End PBXGroup section */

/* Begin PBXNativeTarget section */
		295F0CE92AF7958900412EE1 /* sdl-game-pikachu */ = {
			isa = PBXNativeTarget;
			buildConfigurationList = 295F0CF12AF7958900412EE1 /* Build configuration list for PBXNativeTarget "sdl-game-pikachu" */;
			buildPhases = (
				295F0CE62AF7958900412EE1 /* Sources */,
				295F0CE72AF7958900412EE1 /* Frameworks */,
				295F0CE82AF7958900412EE1 /* CopyFiles */,
			);
			buildRules = (
			);
			dependencies = (
			);
			name = "sdl-game-pikachu";
			productName = "sdl-game-pikachu";
			productReference = 295F0CEA2AF7958900412EE1 /* sdl-game-pikachu */;
			productType = "com.apple.product-type.tool";
		};
/* End PBXNativeTarget section */

/* Begin PBXProject section */
		295F0CE22AF7958900412EE1 /* Project object */ = {
			isa = PBXProject;
			attributes = {
				BuildIndependentTargetsInParallel = 1;
				LastUpgradeCheck = 1430;
				TargetAttributes = {
					295F0CE92AF7958900412EE1 = {
						CreatedOnToolsVersion = 14.3.1;
					};
				};
			};
			buildConfigurationList = 295F0CE52AF7958900412EE1 /* Build configuration list for PBXProject "sdl-game-pikachu" */;
			compatibilityVersion = "Xcode 14.0";
			developmentRegion = en;
			hasScannedForEncodings = 0;
			knownRegions = (
				en,
				Base,
			);
			mainGroup = 295F0CE12AF7958900412EE1;
			productRefGroup = 295F0CEB2AF7958900412EE1 /* Products */;
			projectDirPath = "";
			projectRoot = "";
			targets = (
				295F0CE92AF7958900412EE1 /* sdl-game-pikachu */,
			);
		};
/* End PBXProject section */

/* Begin PBXSourcesBuildPhase section */
		295F0CE62AF7958900412EE1 /* Sources */ = {
			isa = PBXSourcesBuildPhase;
			buildActionMask = 2147483647;
			files = (
				295F0CEE2AF7958900412EE1 /* main.cpp in Sources */,
				295F0CFF2AF7987200412EE1 /* game_model.cpp in Sources */,
			);
			runOnlyForDeploymentPostprocessing = 0;
		};
/* End PBXSourcesBuildPhase section */

/* Begin XCBuildConfiguration section */
		295F0CEF2AF7958900412EE1 /* Debug */ = {
			isa = XCBuildConfiguration;
			buildSettings = {
				ALWAYS_SEARCH_USER_PATHS = NO;
				CLANG_ANALYZER_NONNULL = YES;
				CLANG_ANALYZER_NUMBER_OBJECT_CONVERSION = YES_AGGRESSIVE;
				CLANG_CXX_LANGUAGE_STANDARD = "gnu++20";
				CLANG_ENABLE_MODULES = YES;
				CLANG_ENABLE_OBJC_ARC = YES;
				CLANG_ENABLE_OBJC_WEAK = YES;
				CLANG_WARN_BLOCK_CAPTURE_AUTORELEASING = YES;
				CLANG_WARN_BOOL_CONVERSION = YES;
				CLANG_WARN_COMMA = YES;
				CLANG_WARN_CONSTANT_CONVERSION = YES;
				CLANG_WARN_DEPRECATED_OBJC_IMPLEMENTATIONS = YES;
				CLANG_WARN_DIRECT_OBJC_ISA_USAGE = YES_ERROR;
				CLANG_WARN_DOCUMENTATION_COMMENTS = YES;
				CLANG_WARN_EMPTY_BODY = YES;
				CLANG_WARN_ENUM_CONVERSION = YES;
				CLANG_WARN_INFINITE_RECURSION = YES;
				CLANG_WARN_INT_CONVERSION = YES;
				CLANG_WARN_NON_LITERAL_NULL_CONVERSION = YES;
				CLANG_WARN_OBJC_IMPLICIT_RETAIN_SELF = YES;
				CLANG_WARN_OBJC_LITERAL_CONVERSION = YES;
				CLANG_WARN_OBJC_ROOT_CLASS = YES_ERROR;
				CLANG_WARN_QUOTED_INCLUDE_IN_FRAMEWORK_HEADER = YES;
				CLANG_WARN_RANGE_LOOP_ANALYSIS = YES;
				CLANG_WARN_STRICT_PROTOTYPES = YES;
				CLANG_WARN_SUSPICIOUS_MOVE = YES;
				CLANG_WARN_UNGUARDED_AVAILABILITY = YES_AGGRESSIVE;
				CLANG_WARN_UNREACHABLE_CODE = YES;
				CLANG_WARN__DUPLICATE_METHOD_MATCH = YES;
				COPY_PHASE_STRIP = NO;
				DEBUG_INFORMATION_FORMAT = dwarf;
				ENABLE_STRICT_OBJC_MSGSEND = YES;
				ENABLE_TESTABILITY = YES;
				GCC_C_LANGUAGE_STANDARD = gnu11;
				GCC_DYNAMIC_NO_PIC = NO;
				GCC_NO_COMMON_BLOCKS = YES;
				GCC_OPTIMIZATION_LEVEL = 0;
				GCC_PREPROCESSOR_DEFINITIONS = (
					"DEBUG=1",
					"$(inherited)",
				);
				GCC_WARN_64_TO_32_BIT_CONVERSION = YES;
				GCC_WARN_ABOUT_RETURN_TYPE = YES_ERROR;
				GCC_WARN_UNDECLARED_SELECTOR = YES;
				GCC_WARN_UNINITIALIZED_AUTOS = YES_AGGRESSIVE;
				GCC_WARN_UNUSED_FUNCTION = YES;
				GCC_WARN_UNUSED_VARIABLE = YES;
				MACOSX_DEPLOYMENT_TARGET = 13.2;
				MTL_ENABLE_DEBUG_INFO = INCLUDE_SOURCE;
				MTL_FAST_MATH = YES;
				ONLY_ACTIVE_ARCH = YES;
				SDKROOT = macosx;
			};
			name = Debug;
		};
		295F0CF02AF7958900412EE1 /* Release */ = {
			isa = XCBuildConfiguration;
			buildSettings = {
				ALWAYS_SEARCH_USER_PATHS = NO;
				CLANG_ANALYZER_NONNULL = YES;
				CLANG_ANALYZER_NUMBER_OBJECT_CONVERSION = YES_AGGRESSIVE;
				CLANG_CXX_LANGUAGE_STANDARD = "gnu++20";
				CLANG_ENABLE_MODULES = YES;
				CLANG_ENABLE_OBJC_ARC = YES;
				CLANG_ENABLE_OBJC_WEAK = YES;
				CLANG_WARN_BLOCK_CAPTURE_AUTORELEASING = YES;
				CLANG_WARN_BOOL_CONVERSION = YES;
				CLANG_WARN_COMMA = YES;
				CLANG_WARN_CONSTANT_CONVERSION = YES;
				CLANG_WARN_DEPRECATED_OBJC_IMPLEMENTATIONS = YES;
				CLANG_WARN_DIRECT_OBJC_ISA_USAGE = YES_ERROR;
				CLANG_WARN_DOCUMENTATION_COMMENTS = YES;
				CLANG_WARN_EMPTY_BODY = YES;
				CLANG_WARN_ENUM_CONVERSION = YES;
				CLANG_WARN_INFINITE_RECURSION = YES;
				CLANG_WARN_INT_CONVERSION = YES;
				CLANG_WARN_NON_LITERAL_NULL_CONVERSION = YES;
				CLANG_WARN_OBJC_IMPLICIT_RETAIN_SELF = YES;
				CLANG_WARN_OBJC_LITERAL_CONVERSION = YES;
				CLANG_WARN_OBJC_ROOT_CLASS = YES_ERROR;
				CLANG_WARN_QUOTED_INCLUDE_IN_FRAMEWORK_HEADER = YES;
				CLANG_WARN_RANGE_LOOP_ANALYSIS = YES;
				CLANG_WARN_STRICT_PROTOTYPES = YES;
				CLANG_WARN_SUSPICIOUS_MOVE = YES;
				CLANG_WARN_UNGUARDED_AVAILABILITY = YES_AGGRESSIVE;
				CLANG_WARN_UNREACHABLE_CODE = YES;
				CLANG_WARN__DUPLICATE_METHOD_MATCH = YES;
				COPY_PHASE_STRIP = NO;
				DEBUG_INFORMATION_FORMAT = "dwarf-with-dsym";
				ENABLE_NS_ASSERTIONS = NO;
				ENABLE_STRICT_OBJC_MSGSEND = YES;
				GCC_C_LANGUAGE_STANDARD = gnu11;
				GCC_NO_COMMON_BLOCKS = YES;
				GCC_WARN_64_TO_32_BIT_CONVERSION = YES;
				GCC_WARN_ABOUT_RETURN_TYPE = YES_ERROR;
				GCC_WARN_UNDECLARED_SELECTOR = YES;
				GCC_WARN_UNINITIALIZED_AUTOS = YES_AGGRESSIVE;
				GCC_WARN_UNUSED_FUNCTION = YES;
				GCC_WARN_UNUSED_VARIABLE = YES;
				MACOSX_DEPLOYMENT_TARGET = 13.2;
				MTL_ENABLE_DEBUG_INFO = NO;
				MTL_FAST_MATH = YES;
				SDKROOT = macosx;
			};
			name = Release;
		};
		295F0CF22AF7958900412EE1 /* Debug */ = {
			isa = XCBuildConfiguration;
			buildSettings = {
				CODE_SIGN_STYLE = Automatic;
				FRAMEWORK_SEARCH_PATHS = (
					"$(inherited)",
					"$(LOCAL_LIBRARY_DIR)/Frameworks",
				);
				PRODUCT_NAME = "$(TARGET_NAME)";
			};
			name = Debug;
		};
		295F0CF32AF7958900412EE1 /* Release */ = {
			isa = XCBuildConfiguration;
			buildSettings = {
				CODE_SIGN_STYLE = Automatic;
				FRAMEWORK_SEARCH_PATHS = (
					"$(inherited)",
					"$(LOCAL_LIBRARY_DIR)/Frameworks",
				);
				PRODUCT_NAME = "$(TARGET_NAME)";
			};
			name = Release;
		};
/* End XCBuildConfiguration section */

/* Begin XCConfigurationList section */
		295F0CE52AF7958900412EE1 /* Build configuration list for PBXProject "sdl-game-pikachu" */ = {
			isa = XCConfigurationList;
			buildConfigurations = (
				295F0CEF2AF7958900412EE1 /* Debug */,
				295F0CF02AF7958900412EE1 /* Release */,
			);
			defaultConfigurationIsVisible = 0;
			defaultConfigurationName = Release;
		};
		295F0CF12AF7958900412EE1 /* Build configuration list for PBXNativeTarget "sdl-game-pikachu" */ = {
			isa = XCConfigurationList;
			buildConfigurations = (
				295F0CF22AF7958900412EE1 /* Debug */,
				295F0CF32AF7958900412EE1 /* Release */,
			);
			defaultConfigurationIsVisible = 0;
			defaultConfigurationName = Release;
		};
/* End XCConfigurationList section */
	};
	rootObject = 295F0CE22AF7958900412EE1 /* Project object */;
}
